
Microsoft Visual Studio Solution File, Format Version 12.00
# Visual Studio Version 16
VisualStudioVersion = 16.0.31313.79
MinimumVisualStudioVersion = 10.0.40219.1
Project("{FAE04EC0-301F-11D3-BF4B-00C04F79EFBC}") = "Dio.Series", "Dio.Series.csproj", "{443692D2-4C3A-48C0-9E56-2388D5FBFE40}"
EndProject
Global
	GlobalSection(SolutionConfigurationPlatforms) = preSolution
		Debug|Any CPU = Debug|Any CPU
		Release|Any CPU = Release|Any CPU
	EndGlobalSection
	GlobalSection(ProjectConfigurationPlatforms) = postSolution
		{443692D2-4C3A-48C0-9E56-2388D5FBFE40}.Debug|Any CPU.ActiveCfg = Debug|Any CPU
		{443692D2-4C3A-48C0-9E56-2388D5FBFE40}.Debug|Any CPU.Build.0 = Debug|Any CPU
		{443692D2-4C3A-48C0-9E56-2388D5FBFE40}.Release|Any CPU.ActiveCfg = Release|Any CPU
		{443692D2-4C3A-48C0-9E56-2388D5FBFE40}.Release|Any CPU.Build.0 = Release|Any CPU
	EndGlobalSection
	GlobalSection(SolutionProperties) = preSolution
		HideSolutionNode = FALSE
	EndGlobalSection
	GlobalSection(ExtensibilityGlobals) = postSolution
		SolutionGuid = {ED658323-7AEE-4C74-B84D-26CD1CB71356}
	EndGlobalSection
EndGlobal
